<?xml version="1.0" encoding="utf-8"?>
<Project ToolsVersion="4.0" xmlns="http://schemas.microsoft.com/developer/msbuild/2003">
  <ItemGroup>
    <Filter Include="Source Files">
      <UniqueIdentifier>{4FC737F1-C7A5-4376-A066-2A32D752A2FF}</UniqueIdentifier>
      <Extensions>cpp;cxx;c;def</Extensions>
    </Filter>
    <Filter Include="Header Files">
      <UniqueIdentifier>{93995380-89BD-4b04-88EB-625FBE52EBFB}</UniqueIdentifier>
      <Extensions>h</Extensions>
    </Filter>
    <Filter Include="Form Files">
      <UniqueIdentifier>{99349809-55BA-4b9d-BF79-8FDBB0286EB3}</UniqueIdentifier>
      <Extensions>ui</Extensions>
    </Filter>
    <Filter Include="Resource Files">
      <UniqueIdentifier>{D9D6E242-F8AF-46E4-B9FD-80ECBC20BA3E}</UniqueIdentifier>
      <Extensions>qrc;*</Extensions>
      <ParseFiles>false</ParseFiles>
    </Filter>
    <Filter Include="Generated Files">
      <UniqueIdentifier>{71ED8ED8-ACB9-4CE9-BBE1-E00B30144E11}</UniqueIdentifier>
      <Extensions>moc;h;cpp</Extensions>
      <SourceControlFiles>False</SourceControlFiles>
    </Filter>
    <Filter Include="Generated Files\Debug">
      <UniqueIdentifier>{0edb1f05-7405-44c4-b26f-5c2db26db0f0}</UniqueIdentifier>
      <Extensions>cpp;moc</Extensions>
      <SourceControlFiles>False</SourceControlFiles>
    </Filter>
    <Filter Include="Generated Files\Release">
      <UniqueIdentifier>{2bc6000d-80aa-4e4a-b435-916e1d8acac1}</UniqueIdentifier>
      <Extensions>cpp;moc</Extensions>
      <SourceControlFiles>False</SourceControlFiles>
    </Filter>
  </ItemGroup>
  <ItemGroup>
    <ClCompile Include="main.cpp">
      <Filter>Source Files</Filter>
    </ClCompile>
    <ClCompile Include="screen.cpp">
      <Filter>Source Files</Filter>
    </ClCompile>
    <ClCompile Include="GeneratedFiles\Debug\moc_screen.cpp">
      <Filter>Generated Files\Debug</Filter>
    </ClCompile>
    <ClCompile Include="GeneratedFiles\Release\moc_screen.cpp">
      <Filter>Generated Files\Release</Filter>
    </ClCompile>
    <ClCompile Include="GeneratedFiles\qrc_screen.cpp">
      <Filter>Generated Files</Filter>
    </ClCompile>
    <ClCompile Include="AVL.cpp">
      <Filter>Source Files</Filter>
    </ClCompile>
    <ClCompile Include="CharString.cpp">
      <Filter>Source Files</Filter>
    </ClCompile>
    <ClCompile Include="CharStringLink.cpp">
      <Filter>Source Files</Filter>
    </ClCompile>
    <ClCompile Include="fileLink.cpp">
      <Filter>Source Files</Filter>
    </ClCompile>
    <ClCompile Include="find_key_word.cpp">
      <Filter>Source Files</Filter>
    </ClCompile>
    <ClCompile Include="Tries.cpp">
      <Filter>Source Files</Filter>
    </ClCompile>
    <ClCompile Include="analyse.cpp">
      <Filter>Source Files</Filter>
    </ClCompile>
    <ClCompile Include="GeneratedFiles\Debug\moc_thread.cpp">
      <Filter>Generated Files\Debug</Filter>
    </ClCompile>
    <ClCompile Include="GeneratedFiles\Release\moc_thread.cpp">
      <Filter>Generated Files\Release</Filter>
    </ClCompile>
    <ClCompile Include="myhash.cpp">
      <Filter>Source Files</Filter>
    </ClCompile>
  </ItemGroup>
  <ItemGroup>
    <CustomBuild Include="screen.h">
      <Filter>Header Files</Filter>
    </CustomBuild>
    <CustomBuild Include="screen.ui">
      <Filter>Form Files</Filter>
    </CustomBuild>
    <CustomBuild Include="screen.qrc">
      <Filter>Resource Files</Filter>
    </CustomBuild>
    <CustomBuild Include="thread.h">
      <Filter>Header Files</Filter>
    </CustomBuild>
  </ItemGroup>
  <ItemGroup>
    <ClInclude Include="GeneratedFiles\ui_screen.h">
      <Filter>Generated Files</Filter>
    </ClInclude>
    <ClInclude Include="AVL.h">
      <Filter>Header Files</Filter>
    </ClInclude>
    <ClInclude Include="CharString.h">
      <Filter>Header Files</Filter>
    </ClInclude>
    <ClInclude Include="CharStringLink.h">
      <Filter>Header Files</Filter>
    </ClInclude>
    <ClInclude Include="fileLink.h">
      <Filter>Header Files</Filter>
    </ClInclude>
    <ClInclude Include="find_key_word.h">
      <Filter>Header Files</Filter>
    </ClInclude>
    <ClInclude Include="stack.h">
      <Filter>Header Files</Filter>
    </ClInclude>
    <ClInclude Include="Tries.h">
      <Filter>Header Files</Filter>
    </ClInclude>
    <ClInclude Include="analyse.h">
      <Filter>Header Files</Filter>
    </ClInclude>
    <ClInclude Include="myhash.h">
      <Filter>Header Files</Filter>
    </ClInclude>
  </ItemGroup>
</Project>