
Microsoft Visual Studio Solution File, Format Version 12.00
# Visual Studio 2012
Project("{8BC9CEB8-8B4A-11D0-8D11-00A0C91BC942}") = "网页解析分词", "网页解析分词.vcxproj", "{E505AE88-9D17-4635-BE2E-F1457C3FB950}"
EndProject
Global
	GlobalSection(SolutionConfigurationPlatforms) = preSolution
		Debug|Win32 = Debug|Win32
		Release|Win32 = Release|Win32
	EndGlobalSection
	GlobalSection(ProjectConfigurationPlatforms) = postSolution
		{E505AE88-9D17-4635-BE2E-F1457C3FB950}.Debug|Win32.ActiveCfg = Debug|Win32
		{E505AE88-9D17-4635-BE2E-F1457C3FB950}.Debug|Win32.Build.0 = Debug|Win32
		{E505AE88-9D17-4635-BE2E-F1457C3FB950}.Release|Win32.ActiveCfg = Release|Win32
		{E505AE88-9D17-4635-BE2E-F1457C3FB950}.Release|Win32.Build.0 = Release|Win32
	EndGlobalSection
	GlobalSection(SolutionProperties) = preSolution
		HideSolutionNode = FALSE
	EndGlobalSection
EndGlobal
